Microsoft Visual Studio Solution File, Format Version 12.00
# Visual Studio 2012
Project("{FAE04EC0-301F-11D3-BF4B-00C04F79EFBC}") = "EccDHDroidC", "EccDHDroidC\EccDHDroidC.csproj", "{CEF2C8E8-4E2E-45A2-B670-2C50496E61DF}"
EndProject
Global
	GlobalSection(SolutionConfigurationPlatforms) = preSolution
		Debug|Any CPU = Debug|Any CPU
		Release|Any CPU = Release|Any CPU
	EndGlobalSection
	GlobalSection(ProjectConfigurationPlatforms) = postSolution
		{CEF2C8E8-4E2E-45A2-B670-2C50496E61DF}.Debug|Any CPU.ActiveCfg = Debug|Any CPU
		{CEF2C8E8-4E2E-45A2-B670-2C50496E61DF}.Debug|Any CPU.Build.0 = Debug|Any CPU
		{CEF2C8E8-4E2E-45A2-B670-2C50496E61DF}.Release|Any CPU.ActiveCfg = Release|Any CPU
		{CEF2C8E8-4E2E-45A2-B670-2C50496E61DF}.Release|Any CPU.Build.0 = Release|Any CPU
	EndGlobalSection
EndGlobal
